// !$*UTF8*$!
{
	archiveVersion = 1;
	classes = {
	};
	objectVersion = 46;
	objects = {

/* Begin PBXBuildFile section */
		AA3CFE7F1E95FDEA00D20D6A /* AppDelegate.swift in Sources */ = {isa = PBXBuildFile; fileRef = AA3CFE7E1E95FDEA00D20D6A /* AppDelegate.swift */; };
		AA3CFE811E95FDEA00D20D6A /* ViewController.swift in Sources */ = {isa = PBXBuildFile; fileRef = AA3CFE801E95FDEA00D20D6A /* ViewController.swift */; };
		AA3CFE841E95FDEA00D20D6A /* Main.storyboard in Resources */ = {isa = PBXBuildFile; fileRef = AA3CFE821E95FDEA00D20D6A /* Main.storyboard */; };
		AA3CFE861E95FDEA00D20D6A /* Assets.xcassets in Resources */ = {isa = PBXBuildFile; fileRef = AA3CFE851E95FDEA00D20D6A /* Assets.xcassets */; };
		AA3CFE891E95FDEA00D20D6A /* LaunchScreen.storyboard in Resources */ = {isa = PBXBuildFile; fileRef = AA3CFE871E95FDEA00D20D6A /* LaunchScreen.storyboard */; };
/* End PBXBuildFile section */

/* Begin PBXFileReference section */
		AA3CFE7B1E95FDEA00D20D6A /* Pokedex3.app */ = {isa = PBXFileReference; explicitFileType = wrapper.application; includeInIndex = 0; path = Pokedex3.app; sourceTree = BUILT_PRODUCTS_DIR; };
		AA3CFE7E1E95FDEA00D20D6A /* AppDelegate.swift */ = {isa = PBXFileReference; lastKnownFileType = sourcecode.swift; path = AppDelegate.swift; sourceTree = "<group>"; };
		AA3CFE801E95FDEA00D20D6A /* ViewController.swift */ = {isa = PBXFileReference; lastKnownFileType = sourcecode.swift; path = ViewController.swift; sourceTree = "<group>"; };
		AA3CFE831E95FDEA00D20D6A /* Base */ = {isa = PBXFileReference; lastKnownFileType = file.storyboard; name = Base; path = Base.lproj/Main.storyboard; sourceTree = "<group>"; };
		AA3CFE851E95FDEA00D20D6A /* Assets.xcassets */ = {isa = PBXFileReference; lastKnownFileType = folder.assetcatalog; path = Assets.xcassets; sourceTree = "<group>"; };
		AA3CFE881E95FDEA00D20D6A /* Base */ = {isa = PBXFileReference; lastKnownFileType = file.storyboard; name = Base; path = Base.lproj/LaunchScreen.storyboard; sourceTree = "<group>"; };
		AA3CFE8A1E95FDEA00D20D6A /* Info.plist */ = {isa = PBXFileReference; lastKnownFileType = text.plist.xml; path = Info.plist; sourceTree = "<group>"; };
/* End PBXFileReference section */

/* Begin PBXFrameworksBuildPhase section */
		AA3CFE781E95FDEA00D20D6A /* Frameworks */ = {
			isa = PBXFrameworksBuildPhase;
			buildActionMask = 2147483647;
			files = (
			);
			runOnlyForDeploymentPostprocessing = 0;
		};
/* End PBXFrameworksBuildPhase section */

/* Begin PBXGroup section */
		AA3CFE721E95FDEA00D20D6A = {
			isa = PBXGroup;
			children = (
				AA3CFE7D1E95FDEA00D20D6A /* Pokedex3 */,
				AA3CFE7C1E95FDEA00D20D6A /* Products */,
			);
			sourceTree = "<group>";
		};
		AA3CFE7C1E95FDEA00D20D6A /* Products */ = {
			isa = PBXGroup;
			children = (
				AA3CFE7B1E95FDEA00D20D6A /* Pokedex3.app */,
			);
			name = Products;
			sourceTree = "<group>";
		};
		AA3CFE7D1E95FDEA00D20D6A /* Pokedex3 */ = {
			isa = PBXGroup;
			children = (
				AA3CFE7E1E95FDEA00D20D6A /* AppDelegate.swift */,
				AA3CFE801E95FDEA00D20D6A /* ViewController.swift */,
				AA3CFE821E95FDEA00D20D6A /* Main.storyboard */,
				AA3CFE851E95FDEA00D20D6A /* Assets.xcassets */,
				AA3CFE871E95FDEA00D20D6A /* LaunchScreen.storyboard */,
				AA3CFE8A1E95FDEA00D20D6A /* Info.plist */,
			);
			path = Pokedex3;
			sourceTree = "<group>";
		};
/* End PBXGroup section */

/* Begin PBXNativeTarget section */
		AA3CFE7A1E95FDEA00D20D6A /* Pokedex3 */ = {
			isa = PBXNativeTarget;
			buildConfigurationList = AA3CFE8D1E95FDEA00D20D6A /* Build configuration list for PBXNativeTarget "Pokedex3" */;
			buildPhases = (
				AA3CFE771E95FDEA00D20D6A /* Sources */,
				AA3CFE781E95FDEA00D20D6A /* Frameworks */,
				AA3CFE791E95FDEA00D20D6A /* Resources */,
			);
			buildRules = (
			);
			dependencies = (
			);
			name = Pokedex3;
			productName = Pokedex3;
			productReference = AA3CFE7B1E95FDEA00D20D6A /* Pokedex3.app */;
			productType = "com.apple.product-type.application";
		};
/* End PBXNativeTarget section */

/* Begin PBXProject section */
		AA3CFE731E95FDEA00D20D6A /* Project object */ = {
			isa = PBXProject;
			attributes = {
				LastSwiftUpdateCheck = 0820;
				LastUpgradeCheck = 0820;
				ORGANIZATIONNAME = SosaDesign;
				TargetAttributes = {
					AA3CFE7A1E95FDEA00D20D6A = {
						CreatedOnToolsVersion = 8.2.1;
						DevelopmentTeam = VQU2ET69AF;
						ProvisioningStyle = Automatic;
					};
				};
			};
			buildConfigurationList = AA3CFE761E95FDEA00D20D6A /* Build configuration list for PBXProject "Pokedex3" */;
			compatibilityVersion = "Xcode 3.2";
			developmentRegion = English;
			hasScannedForEncodings = 0;
			knownRegions = (
				en,
				Base,
			);
			mainGroup = AA3CFE721E95FDEA00D20D6A;
			productRefGroup = AA3CFE7C1E95FDEA00D20D6A /* Products */;
			projectDirPath = "";
			projectRoot = "";
			targets = (
				AA3CFE7A1E95FDEA00D20D6A /* Pokedex3 */,
			);
		};
/* End PBXProject section */

/* Begin PBXResourcesBuildPhase section */
		AA3CFE791E95FDEA00D20D6A /* Resources */ = {
			isa = PBXResourcesBuildPhase;
			buildActionMask = 2147483647;
			files = (
				AA3CFE891E95FDEA00D20D6A /* LaunchScreen.storyboard in Resources */,
				AA3CFE861E95FDEA00D20D6A /* Assets.xcassets in Resources */,
				AA3CFE841E95FDEA00D20D6A /* Main.storyboard in Resources */,
			);
			runOnlyForDeploymentPostprocessing = 0;
		};
/* End PBXResourcesBuildPhase section */

/* Begin PBXSourcesBuildPhase section */
		AA3CFE771E95FDEA00D20D6A /* Sources */ = {
			isa = PBXSourcesBuildPhase;
			buildActionMask = 2147483647;
			files = (
				AA3CFE811E95FDEA00D20D6A /* ViewController.swift in Sources */,
				AA3CFE7F1E95FDEA00D20D6A /* AppDelegate.swift in Sources */,
			);
			runOnlyForDeploymentPostprocessing = 0;
		};
/* End PBXSourcesBuildPhase section */

/* Begin PBXVariantGroup section */
		AA3CFE821E95FDEA00D20D6A /* Main.storyboard */ = {
			isa = PBXVariantGroup;
			children = (
				AA3CFE831E95FDEA00D20D6A /* Base */,
			);
			name = Main.storyboard;
			sourceTree = "<group>";
		};
		AA3CFE871E95FDEA00D20D6A /* LaunchScreen.storyboard */ = {
			isa = PBXVariantGroup;
			children = (
				AA3CFE881E95FDEA00D20D6A /* Base */,
			);
			name = LaunchScreen.storyboard;
			sourceTree = "<group>";
		};
/* End PBXVariantGroup section */

/* Begin XCBuildConfiguration section */
		AA3CFE8B1E95FDEA00D20D6A /* Debug */ = {
			isa = XCBuildConfiguration;
			buildSettings = {
				ALWAYS_SEARCH_USER_PATHS = NO;
				CLANG_ANALYZER_NONNULL = YES;
				CLANG_CXX_LANGUAGE_STANDARD = "gnu++0x";
				CLANG_CXX_LIBRARY = "libc++";
				CLANG_ENABLE_MODULES = YES;
				CLANG_ENABLE_OBJC_ARC = YES;
				CLANG_WARN_BOOL_CONVERSION = YES;
				CLANG_WARN_CONSTANT_CONVERSION = YES;
				CLANG_WARN_DIRECT_OBJC_ISA_USAGE = YES_ERROR;
				CLANG_WARN_DOCUMENTATION_COMMENTS = YES;
				CLANG_WARN_EMPTY_BODY = YES;
				CLANG_WARN_ENUM_CONVERSION = YES;
				CLANG_WARN_INFINITE_RECURSION = YES;
				CLANG_WARN_INT_CONVERSION = YES;
				CLANG_WARN_OBJC_ROOT_CLASS = YES_ERROR;
				CLANG_WARN_SUSPICIOUS_MOVE = YES;
				CLANG_WARN_UNREACHABLE_CODE = YES;
				CLANG_WARN__DUPLICATE_METHOD_MATCH = YES;
				"CODE_SIGN_IDENTITY[sdk=iphoneos*]" = "iPhone Developer";
				COPY_PHASE_STRIP = NO;
				DEBUG_INFORMATION_FORMAT = dwarf;
				ENABLE_STRICT_OBJC_MSGSEND = YES;
				ENABLE_TESTABILITY = YES;
				GCC_C_LANGUAGE_STANDARD = gnu99;
				GCC_DYNAMIC_NO_PIC = NO;
				GCC_NO_COMMON_BLOCKS = YES;
				GCC_OPTIMIZATION_LEVEL = 0;
				GCC_PREPROCESSOR_DEFINITIONS = (
					"DEBUG=1",
					"$(inherited)",
				);
				GCC_WARN_64_TO_32_BIT_CONVERSION = YES;
				GCC_WARN_ABOUT_RETURN_TYPE = YES_ERROR;
				GCC_WARN_UNDECLARED_SELECTOR = YES;
				GCC_WARN_UNINITIALIZED_AUTOS = YES_AGGRESSIVE;
				GCC_WARN_UNUSED_FUNCTION = YES;
				GCC_WARN_UNUSED_VARIABLE = YES;
				IPHONEOS_DEPLOYMENT_TARGET = 10.2;
				MTL_ENABLE_DEBUG_INFO = YES;
				ONLY_ACTIVE_ARCH = YES;
				SDKROOT = iphoneos;
				SWIFT_ACTIVE_COMPILATION_CONDITIONS = DEBUG;
				SWIFT_OPTIMIZATION_LEVEL = "-Onone";
			};
			name = Debug;
		};
		AA3CFE8C1E95FDEA00D20D6A /* Release */ = {
			isa = XCBuildConfiguration;
			buildSettings = {
				ALWAYS_SEARCH_USER_PATHS = NO;
				CLANG_ANALYZER_NONNULL = YES;
				CLANG_CXX_LANGUAGE_STANDARD = "gnu++0x";
				CLANG_CXX_LIBRARY = "libc++";
				CLANG_ENABLE_MODULES = YES;
				CLANG_ENABLE_OBJC_ARC = YES;
				CLANG_WARN_BOOL_CONVERSION = YES;
				CLANG_WARN_CONSTANT_CONVERSION = YES;
				CLANG_WARN_DIRECT_OBJC_ISA_USAGE = YES_ERROR;
				CLANG_WARN_DOCUMENTATION_COMMENTS = YES;
				CLANG_WARN_EMPTY_BODY = YES;
				CLANG_WARN_ENUM_CONVERSION = YES;
				CLANG_WARN_INFINITE_RECURSION = YES;
				CLANG_WARN_INT_CONVERSION = YES;
				CLANG_WARN_OBJC_ROOT_CLASS = YES_ERROR;
				CLANG_WARN_SUSPICIOUS_MOVE = YES;
				CLANG_WARN_UNREACHABLE_CODE = YES;
				CLANG_WARN__DUPLICATE_METHOD_MATCH = YES;
				"CODE_SIGN_IDENTITY[sdk=iphoneos*]" = "iPhone Developer";
				COPY_PHASE_STRIP = NO;
				DEBUG_INFORMATION_FORMAT = "dwarf-with-dsym";
				ENABLE_NS_ASSERTIONS = NO;
				ENABLE_STRICT_OBJC_MSGSEND = YES;
				GCC_C_LANGUAGE_STANDARD = gnu99;
				GCC_NO_COMMON_BLOCKS = YES;
				GCC_WARN_64_TO_32_BIT_CONVERSION = YES;
				GCC_WARN_ABOUT_RETURN_TYPE = YES_ERROR;
				GCC_WARN_UNDECLARED_SELECTOR = YES;
				GCC_WARN_UNINITIALIZED_AUTOS = YES_AGGRESSIVE;
				GCC_WARN_UNUSED_FUNCTION = YES;
				GCC_WARN_UNUSED_VARIABLE = YES;
				IPHONEOS_DEPLOYMENT_TARGET = 10.2;
				MTL_ENABLE_DEBUG_INFO = NO;
				SDKROOT = iphoneos;
				SWIFT_OPTIMIZATION_LEVEL = "-Owholemodule";
				VALIDATE_PRODUCT = YES;
			};
			name = Release;
		};
		AA3CFE8E1E95FDEA00D20D6A /* Debug */ = {
			isa = XCBuildConfiguration;
			buildSettings = {
				ASSETCATALOG_COMPILER_APPICON_NAME = AppIcon;
				DEVELOPMENT_TEAM = VQU2ET69AF;
				INFOPLIST_FILE = Pokedex3/Info.plist;
				LD_RUNPATH_SEARCH_PATHS = "$(inherited) @executable_path/Frameworks";
				PRODUCT_BUNDLE_IDENTIFIER = com.sosadesign.apps.Pokedex3;
				PRODUCT_NAME = "$(TARGET_NAME)";
				SWIFT_VERSION = 3.0;
			};
			name = Debug;
		};
		AA3CFE8F1E95FDEA00D20D6A /* Release */ = {
			isa = XCBuildConfiguration;
			buildSettings = {
				ASSETCATALOG_COMPILER_APPICON_NAME = AppIcon;
				DEVELOPMENT_TEAM = VQU2ET69AF;
				INFOPLIST_FILE = Pokedex3/Info.plist;
				LD_RUNPATH_SEARCH_PATHS = "$(inherited) @executable_path/Frameworks";
				PRODUCT_BUNDLE_IDENTIFIER = com.sosadesign.apps.Pokedex3;
				PRODUCT_NAME = "$(TARGET_NAME)";
				SWIFT_VERSION = 3.0;
			};
			name = Release;
		};
/* End XCBuildConfiguration section */

/* Begin XCConfigurationList section */
		AA3CFE761E95FDEA00D20D6A /* Build configuration list for PBXProject "Pokedex3" */ = {
			isa = XCConfigurationList;
			buildConfigurations = (
				AA3CFE8B1E95FDEA00D20D6A /* Debug */,
				AA3CFE8C1E95FDEA00D20D6A /* Release */,
			);
			defaultConfigurationIsVisible = 0;
			defaultConfigurationName = Release;
		};
		AA3CFE8D1E95FDEA00D20D6A /* Build configuration list for PBXNativeTarget "Pokedex3" */ = {
			isa = XCConfigurationList;
			buildConfigurations = (
				AA3CFE8E1E95FDEA00D20D6A /* Debug */,
				AA3CFE8F1E95FDEA00D20D6A /* Release */,
			);
			defaultConfigurationIsVisible = 0;
		};
/* End XCConfigurationList section */
	};
	rootObject = AA3CFE731E95FDEA00D20D6A /* Project object */;
}
